
Microsoft Visual Studio Solution File, Format Version 12.00
# Visual Studio Version 16
VisualStudioVersion = 16.0.30907.101
MinimumVisualStudioVersion = 10.0.40219.1
Project("{9A19103F-16F7-4668-BE54-9A1E7A4F7556}") = "NumberGuessGame", "NumberGuessGame\NumberGuessGame.csproj", "{86FE16D6-4EA0-48BE-9584-5D7898A56476}"
EndProject
Project("{9A19103F-16F7-4668-BE54-9A1E7A4F7556}") = "FileCollecterSorter", "FileCollecterSorter\FileCollecterSorter.csproj", "{15DC4AFB-F2FA-435C-A6CA-AE6855028CB1}"
EndProject
Project("{9A19103F-16F7-4668-BE54-9A1E7A4F7556}") = "PE1MultiplesOf3And5", "MultiplesOf3And5\PE1MultiplesOf3And5.csproj", "{8D3E62C4-996D-42EA-9368-916453190CE3}"
EndProject
Project("{9A19103F-16F7-4668-BE54-9A1E7A4F7556}") = "PE2EvenFibonacciNumbers", "EvenFibonacciNumbers\PE2EvenFibonacciNumbers.csproj", "{F2227D98-F2C2-4DFC-87B4-1284726857E2}"
EndProject
Project("{9A19103F-16F7-4668-BE54-9A1E7A4F7556}") = "PE3LargestPrimeFactor", "LargestPrimeFactor\PE3LargestPrimeFactor.csproj", "{FEDAC51B-4BF8-4199-89CD-D7B934EA694D}"
EndProject
Project("{9A19103F-16F7-4668-BE54-9A1E7A4F7556}") = "PE4LargestPalindromeProduct", "PE4LargestPalindromeProduct\PE4LargestPalindromeProduct.csproj", "{833E63F8-D5C7-4B17-887B-BA9E106F10D8}"
EndProject
Project("{9A19103F-16F7-4668-BE54-9A1E7A4F7556}") = "PE5SmallestMultiple", "PE5SmallestMultiple\PE5SmallestMultiple.csproj", "{09C371A8-AA3C-4C54-A89E-D397E1392D77}"
EndProject
Project("{9A19103F-16F7-4668-BE54-9A1E7A4F7556}") = "PE6SumSquareDifference", "PE6SumSquareDifference\PE6SumSquareDifference.csproj", "{D7E3023D-8FD1-4D02-B9DC-317C61206083}"
EndProject
Project("{9A19103F-16F7-4668-BE54-9A1E7A4F7556}") = "PE7TenThousandFirstPrime", "PE7TenThousandFirstPrime\PE7TenThousandFirstPrime.csproj", "{B4B37E93-232D-4C3D-B04F-DF392149CC0D}"
EndProject
Project("{9A19103F-16F7-4668-BE54-9A1E7A4F7556}") = "PE8LargestProductInASeries", "PE8LargestProductInASeries\PE8LargestProductInASeries.csproj", "{3799F4C3-216D-430F-B28C-10BF6728DDEE}"
EndProject
Project("{9A19103F-16F7-4668-BE54-9A1E7A4F7556}") = "PE9SpecialPythagoreanTriplet", "PE9SpecialPythagoreanTriplet\PE9SpecialPythagoreanTriplet.csproj", "{4F2EA6FA-F01E-45FC-98B9-198C2FFF4114}"
EndProject
Project("{9A19103F-16F7-4668-BE54-9A1E7A4F7556}") = "PE10SummationOfPrimes", "PE10SummationOfPrimes\PE10SummationOfPrimes.csproj", "{021DEA57-7886-42B8-89FE-D9B54325FCF4}"
EndProject
Project("{2150E333-8FDC-42A3-9474-1A3956D46DE8}") = "ProjectEuler1-9", "ProjectEuler1-9", "{94945BC6-5F64-4038-A311-12C0FE1CD21A}"
EndProject
Project("{2150E333-8FDC-42A3-9474-1A3956D46DE8}") = "ProjectEuler10-19", "ProjectEuler10-19", "{4C187109-FC4C-46FE-98F5-16D321175849}"
EndProject
Project("{9A19103F-16F7-4668-BE54-9A1E7A4F7556}") = "PE11LargestProductInAGrid", "PE11LargestProductInAGrid\PE11LargestProductInAGrid.csproj", "{69A6DC27-B959-4043-A59F-CF2FDDA4C054}"
EndProject
Project("{9A19103F-16F7-4668-BE54-9A1E7A4F7556}") = "PE12HighlyDivisibleTriangularNumber", "PE12HighlyDivisibleTriangularNumber\PE12HighlyDivisibleTriangularNumber.csproj", "{08566F2E-EFF9-4B74-AF2F-BFD30EC0A03C}"
EndProject
Project("{FAE04EC0-301F-11D3-BF4B-00C04F79EFBC}") = "PE13LargeSum", "PE13LargeSum\PE13LargeSum.csproj", "{8EB31AD0-31D7-4E09-99E4-D304BB614282}"
EndProject
Global
	GlobalSection(SolutionConfigurationPlatforms) = preSolution
		Debug|Any CPU = Debug|Any CPU
		Release|Any CPU = Release|Any CPU
	EndGlobalSection
	GlobalSection(ProjectConfigurationPlatforms) = postSolution
		{86FE16D6-4EA0-48BE-9584-5D7898A56476}.Debug|Any CPU.ActiveCfg = Debug|Any CPU
		{86FE16D6-4EA0-48BE-9584-5D7898A56476}.Debug|Any CPU.Build.0 = Debug|Any CPU
		{86FE16D6-4EA0-48BE-9584-5D7898A56476}.Release|Any CPU.ActiveCfg = Release|Any CPU
		{86FE16D6-4EA0-48BE-9584-5D7898A56476}.Release|Any CPU.Build.0 = Release|Any CPU
		{15DC4AFB-F2FA-435C-A6CA-AE6855028CB1}.Debug|Any CPU.ActiveCfg = Debug|Any CPU
		{15DC4AFB-F2FA-435C-A6CA-AE6855028CB1}.Debug|Any CPU.Build.0 = Debug|Any CPU
		{15DC4AFB-F2FA-435C-A6CA-AE6855028CB1}.Release|Any CPU.ActiveCfg = Release|Any CPU
		{15DC4AFB-F2FA-435C-A6CA-AE6855028CB1}.Release|Any CPU.Build.0 = Release|Any CPU
		{8D3E62C4-996D-42EA-9368-916453190CE3}.Debug|Any CPU.ActiveCfg = Debug|Any CPU
		{8D3E62C4-996D-42EA-9368-916453190CE3}.Debug|Any CPU.Build.0 = Debug|Any CPU
		{8D3E62C4-996D-42EA-9368-916453190CE3}.Release|Any CPU.ActiveCfg = Release|Any CPU
		{8D3E62C4-996D-42EA-9368-916453190CE3}.Release|Any CPU.Build.0 = Release|Any CPU
		{F2227D98-F2C2-4DFC-87B4-1284726857E2}.Debug|Any CPU.ActiveCfg = Debug|Any CPU
		{F2227D98-F2C2-4DFC-87B4-1284726857E2}.Debug|Any CPU.Build.0 = Debug|Any CPU
		{F2227D98-F2C2-4DFC-87B4-1284726857E2}.Release|Any CPU.ActiveCfg = Release|Any CPU
		{F2227D98-F2C2-4DFC-87B4-1284726857E2}.Release|Any CPU.Build.0 = Release|Any CPU
		{FEDAC51B-4BF8-4199-89CD-D7B934EA694D}.Debug|Any CPU.ActiveCfg = Debug|Any CPU
		{FEDAC51B-4BF8-4199-89CD-D7B934EA694D}.Debug|Any CPU.Build.0 = Debug|Any CPU
		{FEDAC51B-4BF8-4199-89CD-D7B934EA694D}.Release|Any CPU.ActiveCfg = Release|Any CPU
		{FEDAC51B-4BF8-4199-89CD-D7B934EA694D}.Release|Any CPU.Build.0 = Release|Any CPU
		{833E63F8-D5C7-4B17-887B-BA9E106F10D8}.Debug|Any CPU.ActiveCfg = Debug|Any CPU
		{833E63F8-D5C7-4B17-887B-BA9E106F10D8}.Debug|Any CPU.Build.0 = Debug|Any CPU
		{833E63F8-D5C7-4B17-887B-BA9E106F10D8}.Release|Any CPU.ActiveCfg = Release|Any CPU
		{833E63F8-D5C7-4B17-887B-BA9E106F10D8}.Release|Any CPU.Build.0 = Release|Any CPU
		{09C371A8-AA3C-4C54-A89E-D397E1392D77}.Debug|Any CPU.ActiveCfg = Debug|Any CPU
		{09C371A8-AA3C-4C54-A89E-D397E1392D77}.Debug|Any CPU.Build.0 = Debug|Any CPU
		{09C371A8-AA3C-4C54-A89E-D397E1392D77}.Release|Any CPU.ActiveCfg = Release|Any CPU
		{09C371A8-AA3C-4C54-A89E-D397E1392D77}.Release|Any CPU.Build.0 = Release|Any CPU
		{D7E3023D-8FD1-4D02-B9DC-317C61206083}.Debug|Any CPU.ActiveCfg = Debug|Any CPU
		{D7E3023D-8FD1-4D02-B9DC-317C61206083}.Debug|Any CPU.Build.0 = Debug|Any CPU
		{D7E3023D-8FD1-4D02-B9DC-317C61206083}.Release|Any CPU.ActiveCfg = Release|Any CPU
		{D7E3023D-8FD1-4D02-B9DC-317C61206083}.Release|Any CPU.Build.0 = Release|Any CPU
		{B4B37E93-232D-4C3D-B04F-DF392149CC0D}.Debug|Any CPU.ActiveCfg = Debug|Any CPU
		{B4B37E93-232D-4C3D-B04F-DF392149CC0D}.Debug|Any CPU.Build.0 = Debug|Any CPU
		{B4B37E93-232D-4C3D-B04F-DF392149CC0D}.Release|Any CPU.ActiveCfg = Release|Any CPU
		{B4B37E93-232D-4C3D-B04F-DF392149CC0D}.Release|Any CPU.Build.0 = Release|Any CPU
		{3799F4C3-216D-430F-B28C-10BF6728DDEE}.Debug|Any CPU.ActiveCfg = Debug|Any CPU
		{3799F4C3-216D-430F-B28C-10BF6728DDEE}.Debug|Any CPU.Build.0 = Debug|Any CPU
		{3799F4C3-216D-430F-B28C-10BF6728DDEE}.Release|Any CPU.ActiveCfg = Release|Any CPU
		{3799F4C3-216D-430F-B28C-10BF6728DDEE}.Release|Any CPU.Build.0 = Release|Any CPU
		{4F2EA6FA-F01E-45FC-98B9-198C2FFF4114}.Debug|Any CPU.ActiveCfg = Debug|Any CPU
		{4F2EA6FA-F01E-45FC-98B9-198C2FFF4114}.Debug|Any CPU.Build.0 = Debug|Any CPU
		{4F2EA6FA-F01E-45FC-98B9-198C2FFF4114}.Release|Any CPU.ActiveCfg = Release|Any CPU
		{4F2EA6FA-F01E-45FC-98B9-198C2FFF4114}.Release|Any CPU.Build.0 = Release|Any CPU
		{021DEA57-7886-42B8-89FE-D9B54325FCF4}.Debug|Any CPU.ActiveCfg = Debug|Any CPU
		{021DEA57-7886-42B8-89FE-D9B54325FCF4}.Debug|Any CPU.Build.0 = Debug|Any CPU
		{021DEA57-7886-42B8-89FE-D9B54325FCF4}.Release|Any CPU.ActiveCfg = Release|Any CPU
		{021DEA57-7886-42B8-89FE-D9B54325FCF4}.Release|Any CPU.Build.0 = Release|Any CPU
		{69A6DC27-B959-4043-A59F-CF2FDDA4C054}.Debug|Any CPU.ActiveCfg = Debug|Any CPU
		{69A6DC27-B959-4043-A59F-CF2FDDA4C054}.Debug|Any CPU.Build.0 = Debug|Any CPU
		{69A6DC27-B959-4043-A59F-CF2FDDA4C054}.Release|Any CPU.ActiveCfg = Release|Any CPU
		{69A6DC27-B959-4043-A59F-CF2FDDA4C054}.Release|Any CPU.Build.0 = Release|Any CPU
		{08566F2E-EFF9-4B74-AF2F-BFD30EC0A03C}.Debug|Any CPU.ActiveCfg = Debug|Any CPU
		{08566F2E-EFF9-4B74-AF2F-BFD30EC0A03C}.Debug|Any CPU.Build.0 = Debug|Any CPU
		{08566F2E-EFF9-4B74-AF2F-BFD30EC0A03C}.Release|Any CPU.ActiveCfg = Release|Any CPU
		{08566F2E-EFF9-4B74-AF2F-BFD30EC0A03C}.Release|Any CPU.Build.0 = Release|Any CPU
		{8EB31AD0-31D7-4E09-99E4-D304BB614282}.Debug|Any CPU.ActiveCfg = Debug|Any CPU
		{8EB31AD0-31D7-4E09-99E4-D304BB614282}.Debug|Any CPU.Build.0 = Debug|Any CPU
		{8EB31AD0-31D7-4E09-99E4-D304BB614282}.Release|Any CPU.ActiveCfg = Release|Any CPU
		{8EB31AD0-31D7-4E09-99E4-D304BB614282}.Release|Any CPU.Build.0 = Release|Any CPU
	EndGlobalSection
	GlobalSection(SolutionProperties) = preSolution
		HideSolutionNode = FALSE
	EndGlobalSection
	GlobalSection(NestedProjects) = preSolution
		{8D3E62C4-996D-42EA-9368-916453190CE3} = {94945BC6-5F64-4038-A311-12C0FE1CD21A}
		{F2227D98-F2C2-4DFC-87B4-1284726857E2} = {94945BC6-5F64-4038-A311-12C0FE1CD21A}
		{FEDAC51B-4BF8-4199-89CD-D7B934EA694D} = {94945BC6-5F64-4038-A311-12C0FE1CD21A}
		{833E63F8-D5C7-4B17-887B-BA9E106F10D8} = {94945BC6-5F64-4038-A311-12C0FE1CD21A}
		{09C371A8-AA3C-4C54-A89E-D397E1392D77} = {94945BC6-5F64-4038-A311-12C0FE1CD21A}
		{D7E3023D-8FD1-4D02-B9DC-317C61206083} = {94945BC6-5F64-4038-A311-12C0FE1CD21A}
		{B4B37E93-232D-4C3D-B04F-DF392149CC0D} = {94945BC6-5F64-4038-A311-12C0FE1CD21A}
		{3799F4C3-216D-430F-B28C-10BF6728DDEE} = {94945BC6-5F64-4038-A311-12C0FE1CD21A}
		{4F2EA6FA-F01E-45FC-98B9-198C2FFF4114} = {94945BC6-5F64-4038-A311-12C0FE1CD21A}
		{021DEA57-7886-42B8-89FE-D9B54325FCF4} = {4C187109-FC4C-46FE-98F5-16D321175849}
		{69A6DC27-B959-4043-A59F-CF2FDDA4C054} = {4C187109-FC4C-46FE-98F5-16D321175849}
		{08566F2E-EFF9-4B74-AF2F-BFD30EC0A03C} = {4C187109-FC4C-46FE-98F5-16D321175849}
		{8EB31AD0-31D7-4E09-99E4-D304BB614282} = {4C187109-FC4C-46FE-98F5-16D321175849}
	EndGlobalSection
	GlobalSection(ExtensibilityGlobals) = postSolution
		SolutionGuid = {9B010AC2-D549-450F-AEE7-BF432E6ACD91}
	EndGlobalSection
EndGlobal
